{
  "name": "server",
  "version": "1.0.0",
  "lockfileVersion": 2,
  "requires": true,
  "packages": {
    "": {
      "name": "server",
      "version": "1.0.0",
      "license": "ISC",
      "dependencies": {
        "node-file-lock": "^0.1.4",
        "systeminfo": "^0.0.1",
        "systeminformation": "^5.11.15"
      }
    },
    "node_modules/fs-extra": {
      "version": "8.1.0",
      "resolved": "https://registry.npmjs.org/fs-extra/-/fs-extra-8.1.0.tgz",
      "integrity": "sha512-yhlQgA6mnOJUKOsRUFsgJdQCvkKhcz8tlZG5HBQfReYZy46OwLcY+Zia0mtdHsOo9y/hP+CxMN0TU9QxoOtG4g==",
      "dependencies": {
        "graceful-fs": "^4.2.0",
        "jsonfile": "^4.0.0",
        "universalify": "^0.1.0"
      },
      "engines": {
        "node": ">=6 <7 || >=8"
      }
    },
    "node_modules/graceful-fs": {
      "version": "4.2.10",
      "resolved": "https://registry.npmjs.org/graceful-fs/-/graceful-fs-4.2.10.tgz",
      "integrity": "sha512-9ByhssR2fPVsNZj478qUUbKfmL0+t5BDVyjShtyZZLiK7ZDAArFFfopyOTj0M05wE2tJPisA4iTnnXl2YoPvOA=="
    },
    "node_modules/jsonfile": {
      "version": "4.0.0",
      "resolved": "https://registry.npmjs.org/jsonfile/-/jsonfile-4.0.0.tgz",
      "integrity": "sha1-h3Gq4HmbZAdrdmQPygWPnBDjPss=",
      "optionalDependencies": {
        "graceful-fs": "^4.1.6"
      }
    },
    "node_modules/node-file-lock": {
      "version": "0.1.4",
      "resolved": "https://registry.npmjs.org/node-file-lock/-/node-file-lock-0.1.4.tgz",
      "integrity": "sha512-JKeJDEcBvbv6offijAceG+HsJGBftpc03/RsvAAjd1hUB/1LEFGgHEE4FxokzhC5fVJTikKr5v8/l8I3bQUtnQ==",
      "dependencies": {
        "fs-extra": "8.x"
      }
    },
    "node_modules/systeminfo": {
      "version": "0.0.1",
      "resolved": "https://registry.npmjs.org/systeminfo/-/systeminfo-0.0.1.tgz",
      "integrity": "sha1-9hUNTAw2ZyWbaRIlwFYGbC2XJfI=",
      "bin": {
        "systeminfo": "bin/systeminfo"
      }
    },
    "node_modules/systeminformation": {
      "version": "5.11.15",
      "resolved": "https://registry.npmjs.org/systeminformation/-/systeminformation-5.11.15.tgz",
      "integrity": "sha512-zUbObRjQeZcu84z9NVSm9JTiCPyPQ3MefJ3+76yvp+TeCv9WsO3szijyQLv0fChRrm2/sl2De3y1ewUOYOtz2Q==",
      "os": [
        "darwin",
        "linux",
        "win32",
        "freebsd",
        "openbsd",
        "netbsd",
        "sunos",
        "android"
      ],
      "bin": {
        "systeminformation": "lib/cli.js"
      },
      "engines": {
        "node": ">=8.0.0"
      },
      "funding": {
        "type": "Buy me a coffee",
        "url": "https://www.buymeacoffee.com/systeminfo"
      }
    },
    "node_modules/universalify": {
      "version": "0.1.2",
      "resolved": "https://registry.npmjs.org/universalify/-/universalify-0.1.2.tgz",
      "integrity": "sha512-rBJeI5CXAlmy1pV+617WB9J63U6XcazHHF2f2dbJix4XzpUF0RS3Zbj0FGIOCAva5P/d/GBOYaACQ1w+0azUkg==",
      "engines": {
        "node": ">= 4.0.0"
      }
    }
  },
  "dependencies": {
    "fs-extra": {
      "version": "8.1.0",
      "resolved": "https://registry.npmjs.org/fs-extra/-/fs-extra-8.1.0.tgz",
      "integrity": "sha512-yhlQgA6mnOJUKOsRUFsgJdQCvkKhcz8tlZG5HBQfReYZy46OwLcY+Zia0mtdHsOo9y/hP+CxMN0TU9QxoOtG4g==",
      "requires": {
        "graceful-fs": "^4.2.0",
        "jsonfile": "^4.0.0",
        "universalify": "^0.1.0"
      }
    },
    "graceful-fs": {
      "version": "4.2.10",
      "resolved": "https://registry.npmjs.org/graceful-fs/-/graceful-fs-4.2.10.tgz",
      "integrity": "sha512-9ByhssR2fPVsNZj478qUUbKfmL0+t5BDVyjShtyZZLiK7ZDAArFFfopyOTj0M05wE2tJPisA4iTnnXl2YoPvOA=="
    },
    "jsonfile": {
      "version": "4.0.0",
      "resolved": "https://registry.npmjs.org/jsonfile/-/jsonfile-4.0.0.tgz",
      "integrity": "sha1-h3Gq4HmbZAdrdmQPygWPnBDjPss=",
      "requires": {
        "graceful-fs": "^4.1.6"
      }
    },
    "node-file-lock": {
      "version": "0.1.4",
      "resolved": "https://registry.npmjs.org/node-file-lock/-/node-file-lock-0.1.4.tgz",
      "integrity": "sha512-JKeJDEcBvbv6offijAceG+HsJGBftpc03/RsvAAjd1hUB/1LEFGgHEE4FxokzhC5fVJTikKr5v8/l8I3bQUtnQ==",
      "requires": {
        "fs-extra": "8.x"
      }
    },
    "systeminfo": {
      "version": "0.0.1",
      "resolved": "https://registry.npmjs.org/systeminfo/-/systeminfo-0.0.1.tgz",
      "integrity": "sha1-9hUNTAw2ZyWbaRIlwFYGbC2XJfI="
    },
    "systeminformation": {
      "version": "5.11.15",
      "resolved": "https://registry.npmjs.org/systeminformation/-/systeminformation-5.11.15.tgz",
      "integrity": "sha512-zUbObRjQeZcu84z9NVSm9JTiCPyPQ3MefJ3+76yvp+TeCv9WsO3szijyQLv0fChRrm2/sl2De3y1ewUOYOtz2Q=="
    },
    "universalify": {
      "version": "0.1.2",
      "resolved": "https://registry.npmjs.org/universalify/-/universalify-0.1.2.tgz",
      "integrity": "sha512-rBJeI5CXAlmy1pV+617WB9J63U6XcazHHF2f2dbJix4XzpUF0RS3Zbj0FGIOCAva5P/d/GBOYaACQ1w+0azUkg=="
    }
  }
}
